{
  "name": "grib2_parser",
  "version": "0.0.1",
  "lockfileVersion": 1,
  "requires": true,
  "dependencies": {
    "binary-parser": {
      "version": "1.1.5",
      "resolved": "https://registry.npmjs.org/binary-parser/-/binary-parser-1.1.5.tgz",
      "integrity": "sha1-ciTWGk4vp7Wu3mn+Tw6moJAreeg="
    }
  }
}
